
Microsoft Visual Studio Solution File, Format Version 12.00
# Visual Studio Version 17
VisualStudioVersion = 17.2.32630.192
MinimumVisualStudioVersion = 10.0.40219.1
Project("{9A19103F-16F7-4668-BE54-9A1E7A4F7556}") = "muchimi.vjoy", "muchimi.vjoy.csproj", "{08508427-CE9B-4024-965C-FCEC06853D65}"
EndProject
Project("{9A19103F-16F7-4668-BE54-9A1E7A4F7556}") = "GregsStack.InputSimulatorStandard", "..\..\GregsStack.InputSimulatorStandard\GregsStack.InputSimulatorStandard.csproj", "{26CB2064-408A-4E80-98C6-5702E061390E}"
EndProject
Global
	GlobalSection(SolutionConfigurationPlatforms) = preSolution
		Debug|Any CPU = Debug|Any CPU
		Release|Any CPU = Release|Any CPU
	EndGlobalSection
	GlobalSection(ProjectConfigurationPlatforms) = postSolution
		{08508427-CE9B-4024-965C-FCEC06853D65}.Debug|Any CPU.ActiveCfg = Debug|Any CPU
		{08508427-CE9B-4024-965C-FCEC06853D65}.Debug|Any CPU.Build.0 = Debug|Any CPU
		{08508427-CE9B-4024-965C-FCEC06853D65}.Release|Any CPU.ActiveCfg = Release|Any CPU
		{08508427-CE9B-4024-965C-FCEC06853D65}.Release|Any CPU.Build.0 = Release|Any CPU
		{26CB2064-408A-4E80-98C6-5702E061390E}.Debug|Any CPU.ActiveCfg = Debug|Any CPU
		{26CB2064-408A-4E80-98C6-5702E061390E}.Debug|Any CPU.Build.0 = Debug|Any CPU
		{26CB2064-408A-4E80-98C6-5702E061390E}.Release|Any CPU.ActiveCfg = Release|Any CPU
		{26CB2064-408A-4E80-98C6-5702E061390E}.Release|Any CPU.Build.0 = Release|Any CPU
	EndGlobalSection
	GlobalSection(SolutionProperties) = preSolution
		HideSolutionNode = FALSE
	EndGlobalSection
	GlobalSection(ExtensibilityGlobals) = postSolution
		SolutionGuid = {6432617E-7642-4D1D-9C14-B25841E16849}
	EndGlobalSection
EndGlobal
